{
  "originHash" : "1944e10ad9ca1dd8131ea6a5d6198548dead7b3a250c3af2e60f5caa9102d8af",
  "pins" : [
    {
      "identity" : "sendbird-chat-sdk-ios",
      "kind" : "remoteSourceControl",
      "location" : "https://github.com/sendbird/sendbird-chat-sdk-ios",
      "state" : {
        "revision" : "2548b25e3972654808bb2af800e5de406a05518d",
        "version" : "4.34.1"
      }
    }
  ],
  "version" : 3
}
